<?xml version="1.0" encoding="utf-8"?>
<Project ToolsVersion="4.0" xmlns="http://schemas.microsoft.com/developer/msbuild/2003">
  <ItemGroup>
    <Filter Include="00.MainApp">
      <UniqueIdentifier>{4e8efde0-32b4-4275-a7bb-f7500ef50cb9}</UniqueIdentifier>
    </Filter>
    <Filter Include="98.Defines">
      <UniqueIdentifier>{2a2d9f44-60b9-40c3-aa85-e00047c1388c}</UniqueIdentifier>
    </Filter>
    <Filter Include="99.Default">
      <UniqueIdentifier>{9cc45dd1-3996-4eb8-a1d1-199ebf63f54b}</UniqueIdentifier>
    </Filter>
    <Filter Include="97. TestSample">
      <UniqueIdentifier>{eb35b936-a4c4-430a-9eaf-eac950b5a3f1}</UniqueIdentifier>
    </Filter>
    <Filter Include="97. TestSample\00.ObjectTestSample">
      <UniqueIdentifier>{5a21815e-6449-4372-9d5d-7ba196ed8d44}</UniqueIdentifier>
    </Filter>
    <Filter Include="97. TestSample\00.ObjectTestSample\OTB_Monster">
      <UniqueIdentifier>{a178e86a-b11f-4a67-b6c8-e8c1addd0b42}</UniqueIdentifier>
    </Filter>
    <Filter Include="02.GameObject">
      <UniqueIdentifier>{66ee7e24-53b0-4b16-bf47-f73281d06adb}</UniqueIdentifier>
    </Filter>
    <Filter Include="96. Utilis">
      <UniqueIdentifier>{67d14782-3e3a-4881-ae77-7f7e11a07c55}</UniqueIdentifier>
    </Filter>
    <Filter Include="96. Utilis\01. Handle">
      <UniqueIdentifier>{84bf68a9-19a0-4e8d-8d19-7fca1cac6cdd}</UniqueIdentifier>
    </Filter>
    <Filter Include="96. Utilis\00. ObjectUtils">
      <UniqueIdentifier>{49de421a-47af-4b53-8fba-d499a908d6dc}</UniqueIdentifier>
    </Filter>
    <Filter Include="96. Utilis\00. ObjectUtils\00.ObjectAPI">
      <UniqueIdentifier>{fda0a653-7149-41e8-9881-9df455f23103}</UniqueIdentifier>
    </Filter>
    <Filter Include="01. Scene">
      <UniqueIdentifier>{98a72c40-580e-4f27-9155-ce7a599e72e1}</UniqueIdentifier>
    </Filter>
  </ItemGroup>
  <ItemGroup>
    <ClInclude Include="ECS_Test.h">
      <Filter>99.Default</Filter>
    </ClInclude>
    <ClInclude Include="Resource.h">
      <Filter>99.Default</Filter>
    </ClInclude>
    <ClInclude Include="targetver.h">
      <Filter>99.Default</Filter>
    </ClInclude>
    <ClInclude Include="stdafx.h">
      <Filter>99.Default</Filter>
    </ClInclude>
    <ClInclude Include="..\Public\Client_Defines.h">
      <Filter>98.Defines</Filter>
    </ClInclude>
    <ClInclude Include="..\Public\MainApp.h">
      <Filter>00.MainApp</Filter>
    </ClInclude>
    <ClInclude Include="..\Public\ObjectTestSample.h">
      <Filter>97. TestSample\00.ObjectTestSample</Filter>
    </ClInclude>
    <ClInclude Include="..\public\OB_Test_Monster.h">
      <Filter>97. TestSample\00.ObjectTestSample\OTB_Monster</Filter>
    </ClInclude>
    <ClInclude Include="..\Public\ObjectAPI.h">
      <Filter>96. Utilis\00. ObjectUtils\00.ObjectAPI</Filter>
    </ClInclude>
    <ClInclude Include="..\Public\ObjHandle.h">
      <Filter>96. Utilis\01. Handle</Filter>
    </ClInclude>
  </ItemGroup>
  <ItemGroup>
    <Image Include="small.ico">
      <Filter>99.Default</Filter>
    </Image>
    <Image Include="ECS_Test.ico">
      <Filter>99.Default</Filter>
    </Image>
  </ItemGroup>
  <ItemGroup>
    <ClCompile Include="ECS_Test.cpp">
      <Filter>99.Default</Filter>
    </ClCompile>
    <ClCompile Include="stdafx.cpp">
      <Filter>99.Default</Filter>
    </ClCompile>
    <ClCompile Include="..\Private\MainApp.cpp">
      <Filter>00.MainApp</Filter>
    </ClCompile>
    <ClCompile Include="..\Private\ObjectTestSample.cpp">
      <Filter>97. TestSample\00.ObjectTestSample</Filter>
    </ClCompile>
    <ClCompile Include="..\Private\OB_Test_Monster.cpp">
      <Filter>97. TestSample\00.ObjectTestSample\OTB_Monster</Filter>
    </ClCompile>
  </ItemGroup>
  <ItemGroup>
    <ResourceCompile Include="ECS_Test.rc">
      <Filter>99.Default</Filter>
    </ResourceCompile>
  </ItemGroup>
</Project>